
Microsoft Visual Studio Solution File, Format Version 12.00
# Visual Studio Version 17
VisualStudioVersion = 17.0.32014.148
MinimumVisualStudioVersion = 10.0.40219.1
Project("{9A19103F-16F7-4668-BE54-9A1E7A4F7556}") = "tokenGeneration", "tokenGeneration.csproj", "{DEA083CA-13FC-4C44-9C66-354E9CB9AB21}"
EndProject
Global
	GlobalSection(SolutionConfigurationPlatforms) = preSolution
		Debug|Any CPU = Debug|Any CPU
		Release|Any CPU = Release|Any CPU
	EndGlobalSection
	GlobalSection(ProjectConfigurationPlatforms) = postSolution
		{DEA083CA-13FC-4C44-9C66-354E9CB9AB21}.Debug|Any CPU.ActiveCfg = Debug|Any CPU
		{DEA083CA-13FC-4C44-9C66-354E9CB9AB21}.Debug|Any CPU.Build.0 = Debug|Any CPU
		{DEA083CA-13FC-4C44-9C66-354E9CB9AB21}.Release|Any CPU.ActiveCfg = Release|Any CPU
		{DEA083CA-13FC-4C44-9C66-354E9CB9AB21}.Release|Any CPU.Build.0 = Release|Any CPU
	EndGlobalSection
	GlobalSection(SolutionProperties) = preSolution
		HideSolutionNode = FALSE
	EndGlobalSection
	GlobalSection(ExtensibilityGlobals) = postSolution
		SolutionGuid = {EE20825A-3480-429D-9EBF-D7CD40B20B38}
	EndGlobalSection
EndGlobal
